
Microsoft Visual Studio Solution File, Format Version 12.00
# Visual Studio 15
VisualStudioVersion = 15.0.26730.12
MinimumVisualStudioVersion = 10.0.40219.1
Project("{FAE04EC0-301F-11D3-BF4B-00C04F79EFBC}") = "RPG", "RPG\RPG.csproj", "{6CB2ED79-801A-4D56-8E83-7CFB7F3C8894}"
EndProject
Global
	GlobalSection(SolutionConfigurationPlatforms) = preSolution
		Debug|Any CPU = Debug|Any CPU
		Release|Any CPU = Release|Any CPU
	EndGlobalSection
	GlobalSection(ProjectConfigurationPlatforms) = postSolution
		{6CB2ED79-801A-4D56-8E83-7CFB7F3C8894}.Debug|Any CPU.ActiveCfg = Debug|Any CPU
		{6CB2ED79-801A-4D56-8E83-7CFB7F3C8894}.Debug|Any CPU.Build.0 = Debug|Any CPU
		{6CB2ED79-801A-4D56-8E83-7CFB7F3C8894}.Release|Any CPU.ActiveCfg = Release|Any CPU
		{6CB2ED79-801A-4D56-8E83-7CFB7F3C8894}.Release|Any CPU.Build.0 = Release|Any CPU
	EndGlobalSection
	GlobalSection(SolutionProperties) = preSolution
		HideSolutionNode = FALSE
	EndGlobalSection
	GlobalSection(ExtensibilityGlobals) = postSolution
		SolutionGuid = {4C2BDF35-B4F9-4B8D-8770-70F53CB5EF54}
	EndGlobalSection
EndGlobal
